
Microsoft Visual Studio Solution File, Format Version 12.00
# Visual Studio 15
VisualStudioVersion = 15.0.28307.1000
MinimumVisualStudioVersion = 10.0.40219.1
Project("{8BC9CEB8-8B4A-11D0-8D11-00A0C91BC942}") = "PuzzleGame", "PuzzleGame\PuzzleGame.vcxproj", "{09CF02D5-1623-4C6F-980C-C2D929A58C25}"
EndProject
Global
	GlobalSection(SolutionConfigurationPlatforms) = preSolution
		Debug|Win32 = Debug|Win32
		Debug|x64 = Debug|x64
		Debug|x86 = Debug|x86
		Release|Win32 = Release|Win32
		Release|x64 = Release|x64
		Release|x86 = Release|x86
	EndGlobalSection
	GlobalSection(ProjectConfigurationPlatforms) = postSolution
		{09CF02D5-1623-4C6F-980C-C2D929A58C25}.Debug|Win32.ActiveCfg = Debug|Win32
		{09CF02D5-1623-4C6F-980C-C2D929A58C25}.Debug|Win32.Build.0 = Debug|Win32
		{09CF02D5-1623-4C6F-980C-C2D929A58C25}.Debug|x64.ActiveCfg = Debug|x64
		{09CF02D5-1623-4C6F-980C-C2D929A58C25}.Debug|x64.Build.0 = Debug|x64
		{09CF02D5-1623-4C6F-980C-C2D929A58C25}.Debug|x86.ActiveCfg = Debug|Win32
		{09CF02D5-1623-4C6F-980C-C2D929A58C25}.Debug|x86.Build.0 = Debug|Win32
		{09CF02D5-1623-4C6F-980C-C2D929A58C25}.Release|Win32.ActiveCfg = Release|Win32
		{09CF02D5-1623-4C6F-980C-C2D929A58C25}.Release|Win32.Build.0 = Release|Win32
		{09CF02D5-1623-4C6F-980C-C2D929A58C25}.Release|x64.ActiveCfg = Release|x64
		{09CF02D5-1623-4C6F-980C-C2D929A58C25}.Release|x64.Build.0 = Release|x64
		{09CF02D5-1623-4C6F-980C-C2D929A58C25}.Release|x86.ActiveCfg = Release|Win32
		{09CF02D5-1623-4C6F-980C-C2D929A58C25}.Release|x86.Build.0 = Release|Win32
	EndGlobalSection
	GlobalSection(SolutionProperties) = preSolution
		HideSolutionNode = FALSE
	EndGlobalSection
	GlobalSection(ExtensibilityGlobals) = postSolution
		SolutionGuid = {1250ED3B-3F99-404E-88B1-BB7C1373A4A0}
	EndGlobalSection
EndGlobal
